
Microsoft Visual Studio Solution File, Format Version 9.00
# Visual Studio 2005
Project("{8BC9CEB8-8B4A-11D0-8D11-00A0C91BC942}") = "oglbmfont", "oglbmfont.vcproj", "{C8C1729B-ED86-4652-95B1-C8F85D16FE42}"
EndProject
Project("{8BC9CEB8-8B4A-11D0-8D11-00A0C91BC942}") = "oglbmfont test", "oglbmfont test.vcproj", "{A7BED792-ACA6-497A-921B-17F81ED1497C}"
	ProjectSection(ProjectDependencies) = postProject
		{C8C1729B-ED86-4652-95B1-C8F85D16FE42} = {C8C1729B-ED86-4652-95B1-C8F85D16FE42}
	EndProjectSection
EndProject
Global
	GlobalSection(SolutionConfigurationPlatforms) = preSolution
		Debug|Win32 = Debug|Win32
		Release|Win32 = Release|Win32
	EndGlobalSection
	GlobalSection(ProjectConfigurationPlatforms) = postSolution
		{C8C1729B-ED86-4652-95B1-C8F85D16FE42}.Debug|Win32.ActiveCfg = Debug|Win32
		{C8C1729B-ED86-4652-95B1-C8F85D16FE42}.Debug|Win32.Build.0 = Debug|Win32
		{C8C1729B-ED86-4652-95B1-C8F85D16FE42}.Release|Win32.ActiveCfg = Release|Win32
		{C8C1729B-ED86-4652-95B1-C8F85D16FE42}.Release|Win32.Build.0 = Release|Win32
		{A7BED792-ACA6-497A-921B-17F81ED1497C}.Debug|Win32.ActiveCfg = Debug|Win32
		{A7BED792-ACA6-497A-921B-17F81ED1497C}.Debug|Win32.Build.0 = Debug|Win32
		{A7BED792-ACA6-497A-921B-17F81ED1497C}.Release|Win32.ActiveCfg = Release|Win32
		{A7BED792-ACA6-497A-921B-17F81ED1497C}.Release|Win32.Build.0 = Release|Win32
	EndGlobalSection
	GlobalSection(SolutionProperties) = preSolution
		HideSolutionNode = FALSE
	EndGlobalSection
EndGlobal
